
Microsoft Visual Studio Solution File, Format Version 12.00
# Visual Studio Version 17
VisualStudioVersion = 17.3.32929.385
MinimumVisualStudioVersion = 10.0.40219.1
Project("{FAE04EC0-301F-11D3-BF4B-00C04F79EFBC}") = "TrabajoFINALdef", "TrabajoFINALdef\TrabajoFINALdef.csproj", "{0CCF18C2-6799-4117-91C4-F5F104B2B21F}"
EndProject
Global
	GlobalSection(SolutionConfigurationPlatforms) = preSolution
		Debug|Any CPU = Debug|Any CPU
		Release|Any CPU = Release|Any CPU
	EndGlobalSection
	GlobalSection(ProjectConfigurationPlatforms) = postSolution
		{0CCF18C2-6799-4117-91C4-F5F104B2B21F}.Debug|Any CPU.ActiveCfg = Debug|Any CPU
		{0CCF18C2-6799-4117-91C4-F5F104B2B21F}.Debug|Any CPU.Build.0 = Debug|Any CPU
		{0CCF18C2-6799-4117-91C4-F5F104B2B21F}.Release|Any CPU.ActiveCfg = Release|Any CPU
		{0CCF18C2-6799-4117-91C4-F5F104B2B21F}.Release|Any CPU.Build.0 = Release|Any CPU
	EndGlobalSection
	GlobalSection(SolutionProperties) = preSolution
		HideSolutionNode = FALSE
	EndGlobalSection
	GlobalSection(ExtensibilityGlobals) = postSolution
		SolutionGuid = {FAFBFA87-5FE4-4E23-80C1-89536046C694}
	EndGlobalSection
EndGlobal
